// !$*UTF8*$!
{
	archiveVersion = 1;
	classes = {
	};
	objectVersion = 56;
	objects = {

/* Begin PBXBuildFile section */
		7B0C4C292A5BEADE009BC802 /* ImageSaver.swift in Sources */ = {isa = PBXBuildFile; fileRef = 7B0C4C282A5BEADE009BC802 /* ImageSaver.swift */; };
		7B0C4C2B2A5BF74C009BC802 /* ImagePicker.swift in Sources */ = {isa = PBXBuildFile; fileRef = 7B0C4C2A2A5BF74C009BC802 /* ImagePicker.swift */; };
		7BD0FB6C2A594F980024859E /* onChangeView.swift in Sources */ = {isa = PBXBuildFile; fileRef = 7BD0FB6B2A594F980024859E /* onChangeView.swift */; };
		7BD0FB722A5961420024859E /* MultipleOptions.swift in Sources */ = {isa = PBXBuildFile; fileRef = 7BD0FB712A5961420024859E /* MultipleOptions.swift */; };
		7BD0FB742A59619F0024859E /* CoreImageSwiftUI.swift in Sources */ = {isa = PBXBuildFile; fileRef = 7BD0FB732A59619F0024859E /* CoreImageSwiftUI.swift */; };
		7BD0FB782A59651C0024859E /* ImagePickerIntroduction.swift in Sources */ = {isa = PBXBuildFile; fileRef = 7BD0FB772A59651C0024859E /* ImagePickerIntroduction.swift */; };
		7BD0FB7A2A5966870024859E /* UIViewControllerSwiftUI.swift in Sources */ = {isa = PBXBuildFile; fileRef = 7BD0FB792A5966870024859E /* UIViewControllerSwiftUI.swift */; };
		7BE530842A577E86005CF87F /* InstafilterApp.swift in Sources */ = {isa = PBXBuildFile; fileRef = 7BE530832A577E86005CF87F /* InstafilterApp.swift */; };
		7BE530862A577E86005CF87F /* ContentView.swift in Sources */ = {isa = PBXBuildFile; fileRef = 7BE530852A577E86005CF87F /* ContentView.swift */; };
		7BE530882A577E86005CF87F /* Assets.xcassets in Resources */ = {isa = PBXBuildFile; fileRef = 7BE530872A577E86005CF87F /* Assets.xcassets */; };
		7BE5308B2A577E86005CF87F /* Preview Assets.xcassets in Resources */ = {isa = PBXBuildFile; fileRef = 7BE5308A2A577E86005CF87F /* Preview Assets.xcassets */; };
/* End PBXBuildFile section */

/* Begin PBXFileReference section */
		7B0C4C282A5BEADE009BC802 /* ImageSaver.swift */ = {isa = PBXFileReference; lastKnownFileType = sourcecode.swift; path = ImageSaver.swift; sourceTree = "<group>"; };
		7B0C4C2A2A5BF74C009BC802 /* ImagePicker.swift */ = {isa = PBXFileReference; lastKnownFileType = sourcecode.swift; path = ImagePicker.swift; sourceTree = "<group>"; };
		7BD0FB6B2A594F980024859E /* onChangeView.swift */ = {isa = PBXFileReference; lastKnownFileType = sourcecode.swift; path = onChangeView.swift; sourceTree = "<group>"; };
		7BD0FB712A5961420024859E /* MultipleOptions.swift */ = {isa = PBXFileReference; lastKnownFileType = sourcecode.swift; path = MultipleOptions.swift; sourceTree = "<group>"; };
		7BD0FB732A59619F0024859E /* CoreImageSwiftUI.swift */ = {isa = PBXFileReference; lastKnownFileType = sourcecode.swift; path = CoreImageSwiftUI.swift; sourceTree = "<group>"; };
		7BD0FB772A59651C0024859E /* ImagePickerIntroduction.swift */ = {isa = PBXFileReference; lastKnownFileType = sourcecode.swift; path = ImagePickerIntroduction.swift; sourceTree = "<group>"; };
		7BD0FB792A5966870024859E /* UIViewControllerSwiftUI.swift */ = {isa = PBXFileReference; lastKnownFileType = sourcecode.swift; path = UIViewControllerSwiftUI.swift; sourceTree = "<group>"; };
		7BE530802A577E86005CF87F /* Instafilter.app */ = {isa = PBXFileReference; explicitFileType = wrapper.application; includeInIndex = 0; path = Instafilter.app; sourceTree = BUILT_PRODUCTS_DIR; };
		7BE530832A577E86005CF87F /* InstafilterApp.swift */ = {isa = PBXFileReference; lastKnownFileType = sourcecode.swift; path = InstafilterApp.swift; sourceTree = "<group>"; };
		7BE530852A577E86005CF87F /* ContentView.swift */ = {isa = PBXFileReference; lastKnownFileType = sourcecode.swift; path = ContentView.swift; sourceTree = "<group>"; };
		7BE530872A577E86005CF87F /* Assets.xcassets */ = {isa = PBXFileReference; lastKnownFileType = folder.assetcatalog; path = Assets.xcassets; sourceTree = "<group>"; };
		7BE5308A2A577E86005CF87F /* Preview Assets.xcassets */ = {isa = PBXFileReference; lastKnownFileType = folder.assetcatalog; path = "Preview Assets.xcassets"; sourceTree = "<group>"; };
/* End PBXFileReference section */

/* Begin PBXFrameworksBuildPhase section */
		7BE5307D2A577E86005CF87F /* Frameworks */ = {
			isa = PBXFrameworksBuildPhase;
			buildActionMask = 2147483647;
			files = (
			);
			runOnlyForDeploymentPostprocessing = 0;
		};
/* End PBXFrameworksBuildPhase section */

/* Begin PBXGroup section */
		7BD0FB6A2A594E9C0024859E /* Introduction */ = {
			isa = PBXGroup;
			children = (
				7BD0FB6B2A594F980024859E /* onChangeView.swift */,
				7BD0FB712A5961420024859E /* MultipleOptions.swift */,
				7BD0FB732A59619F0024859E /* CoreImageSwiftUI.swift */,
				7BD0FB772A59651C0024859E /* ImagePickerIntroduction.swift */,
				7BD0FB792A5966870024859E /* UIViewControllerSwiftUI.swift */,
			);
			path = Introduction;
			sourceTree = "<group>";
		};
		7BE530772A577E85005CF87F = {
			isa = PBXGroup;
			children = (
				7BE530822A577E86005CF87F /* Instafilter */,
				7BE530812A577E86005CF87F /* Products */,
			);
			sourceTree = "<group>";
		};
		7BE530812A577E86005CF87F /* Products */ = {
			isa = PBXGroup;
			children = (
				7BE530802A577E86005CF87F /* Instafilter.app */,
			);
			name = Products;
			sourceTree = "<group>";
		};
		7BE530822A577E86005CF87F /* Instafilter */ = {
			isa = PBXGroup;
			children = (
				7BE530832A577E86005CF87F /* InstafilterApp.swift */,
				7BE530852A577E86005CF87F /* ContentView.swift */,
				7B0C4C2A2A5BF74C009BC802 /* ImagePicker.swift */,
				7B0C4C282A5BEADE009BC802 /* ImageSaver.swift */,
				7BD0FB6A2A594E9C0024859E /* Introduction */,
				7BE530872A577E86005CF87F /* Assets.xcassets */,
				7BE530892A577E86005CF87F /* Preview Content */,
			);
			path = Instafilter;
			sourceTree = "<group>";
		};
		7BE530892A577E86005CF87F /* Preview Content */ = {
			isa = PBXGroup;
			children = (
				7BE5308A2A577E86005CF87F /* Preview Assets.xcassets */,
			);
			path = "Preview Content";
			sourceTree = "<group>";
		};
/* End PBXGroup section */

/* Begin PBXNativeTarget section */
		7BE5307F2A577E86005CF87F /* Instafilter */ = {
			isa = PBXNativeTarget;
			buildConfigurationList = 7BE5308E2A577E86005CF87F /* Build configuration list for PBXNativeTarget "Instafilter" */;
			buildPhases = (
				7BE5307C2A577E86005CF87F /* Sources */,
				7BE5307D2A577E86005CF87F /* Frameworks */,
				7BE5307E2A577E86005CF87F /* Resources */,
			);
			buildRules = (
			);
			dependencies = (
			);
			name = Instafilter;
			productName = Instafilter;
			productReference = 7BE530802A577E86005CF87F /* Instafilter.app */;
			productType = "com.apple.product-type.application";
		};
/* End PBXNativeTarget section */

/* Begin PBXProject section */
		7BE530782A577E85005CF87F /* Project object */ = {
			isa = PBXProject;
			attributes = {
				BuildIndependentTargetsInParallel = 1;
				LastSwiftUpdateCheck = 1430;
				LastUpgradeCheck = 1430;
				TargetAttributes = {
					7BE5307F2A577E86005CF87F = {
						CreatedOnToolsVersion = 14.3;
					};
				};
			};
			buildConfigurationList = 7BE5307B2A577E85005CF87F /* Build configuration list for PBXProject "Instafilter" */;
			compatibilityVersion = "Xcode 14.0";
			developmentRegion = en;
			hasScannedForEncodings = 0;
			knownRegions = (
				en,
				Base,
			);
			mainGroup = 7BE530772A577E85005CF87F;
			productRefGroup = 7BE530812A577E86005CF87F /* Products */;
			projectDirPath = "";
			projectRoot = "";
			targets = (
				7BE5307F2A577E86005CF87F /* Instafilter */,
			);
		};
/* End PBXProject section */

/* Begin PBXResourcesBuildPhase section */
		7BE5307E2A577E86005CF87F /* Resources */ = {
			isa = PBXResourcesBuildPhase;
			buildActionMask = 2147483647;
			files = (
				7BE5308B2A577E86005CF87F /* Preview Assets.xcassets in Resources */,
				7BE530882A577E86005CF87F /* Assets.xcassets in Resources */,
			);
			runOnlyForDeploymentPostprocessing = 0;
		};
/* End PBXResourcesBuildPhase section */

/* Begin PBXSourcesBuildPhase section */
		7BE5307C2A577E86005CF87F /* Sources */ = {
			isa = PBXSourcesBuildPhase;
			buildActionMask = 2147483647;
			files = (
				7BD0FB722A5961420024859E /* MultipleOptions.swift in Sources */,
				7BE530862A577E86005CF87F /* ContentView.swift in Sources */,
				7BD0FB7A2A5966870024859E /* UIViewControllerSwiftUI.swift in Sources */,
				7B0C4C2B2A5BF74C009BC802 /* ImagePicker.swift in Sources */,
				7BD0FB742A59619F0024859E /* CoreImageSwiftUI.swift in Sources */,
				7BD0FB6C2A594F980024859E /* onChangeView.swift in Sources */,
				7B0C4C292A5BEADE009BC802 /* ImageSaver.swift in Sources */,
				7BE530842A577E86005CF87F /* InstafilterApp.swift in Sources */,
				7BD0FB782A59651C0024859E /* ImagePickerIntroduction.swift in Sources */,
			);
			runOnlyForDeploymentPostprocessing = 0;
		};
/* End PBXSourcesBuildPhase section */

/* Begin XCBuildConfiguration section */
		7BE5308C2A577E86005CF87F /* Debug */ = {
			isa = XCBuildConfiguration;
			buildSettings = {
				ALWAYS_SEARCH_USER_PATHS = NO;
				CLANG_ANALYZER_NONNULL = YES;
				CLANG_ANALYZER_NUMBER_OBJECT_CONVERSION = YES_AGGRESSIVE;
				CLANG_CXX_LANGUAGE_STANDARD = "gnu++20";
				CLANG_ENABLE_MODULES = YES;
				CLANG_ENABLE_OBJC_ARC = YES;
				CLANG_ENABLE_OBJC_WEAK = YES;
				CLANG_WARN_BLOCK_CAPTURE_AUTORELEASING = YES;
				CLANG_WARN_BOOL_CONVERSION = YES;
				CLANG_WARN_COMMA = YES;
				CLANG_WARN_CONSTANT_CONVERSION = YES;
				CLANG_WARN_DEPRECATED_OBJC_IMPLEMENTATIONS = YES;
				CLANG_WARN_DIRECT_OBJC_ISA_USAGE = YES_ERROR;
				CLANG_WARN_DOCUMENTATION_COMMENTS = YES;
				CLANG_WARN_EMPTY_BODY = YES;
				CLANG_WARN_ENUM_CONVERSION = YES;
				CLANG_WARN_INFINITE_RECURSION = YES;
				CLANG_WARN_INT_CONVERSION = YES;
				CLANG_WARN_NON_LITERAL_NULL_CONVERSION = YES;
				CLANG_WARN_OBJC_IMPLICIT_RETAIN_SELF = YES;
				CLANG_WARN_OBJC_LITERAL_CONVERSION = YES;
				CLANG_WARN_OBJC_ROOT_CLASS = YES_ERROR;
				CLANG_WARN_QUOTED_INCLUDE_IN_FRAMEWORK_HEADER = YES;
				CLANG_WARN_RANGE_LOOP_ANALYSIS = YES;
				CLANG_WARN_STRICT_PROTOTYPES = YES;
				CLANG_WARN_SUSPICIOUS_MOVE = YES;
				CLANG_WARN_UNGUARDED_AVAILABILITY = YES_AGGRESSIVE;
				CLANG_WARN_UNREACHABLE_CODE = YES;
				CLANG_WARN__DUPLICATE_METHOD_MATCH = YES;
				COPY_PHASE_STRIP = NO;
				DEBUG_INFORMATION_FORMAT = dwarf;
				ENABLE_STRICT_OBJC_MSGSEND = YES;
				ENABLE_TESTABILITY = YES;
				GCC_C_LANGUAGE_STANDARD = gnu11;
				GCC_DYNAMIC_NO_PIC = NO;
				GCC_NO_COMMON_BLOCKS = YES;
				GCC_OPTIMIZATION_LEVEL = 0;
				GCC_PREPROCESSOR_DEFINITIONS = (
					"DEBUG=1",
					"$(inherited)",
				);
				GCC_WARN_64_TO_32_BIT_CONVERSION = YES;
				GCC_WARN_ABOUT_RETURN_TYPE = YES_ERROR;
				GCC_WARN_UNDECLARED_SELECTOR = YES;
				GCC_WARN_UNINITIALIZED_AUTOS = YES_AGGRESSIVE;
				GCC_WARN_UNUSED_FUNCTION = YES;
				GCC_WARN_UNUSED_VARIABLE = YES;
				IPHONEOS_DEPLOYMENT_TARGET = 16.4;
				MTL_ENABLE_DEBUG_INFO = INCLUDE_SOURCE;
				MTL_FAST_MATH = YES;
				ONLY_ACTIVE_ARCH = YES;
				SDKROOT = iphoneos;
				SWIFT_ACTIVE_COMPILATION_CONDITIONS = DEBUG;
				SWIFT_OPTIMIZATION_LEVEL = "-Onone";
			};
			name = Debug;
		};
		7BE5308D2A577E86005CF87F /* Release */ = {
			isa = XCBuildConfiguration;
			buildSettings = {
				ALWAYS_SEARCH_USER_PATHS = NO;
				CLANG_ANALYZER_NONNULL = YES;
				CLANG_ANALYZER_NUMBER_OBJECT_CONVERSION = YES_AGGRESSIVE;
				CLANG_CXX_LANGUAGE_STANDARD = "gnu++20";
				CLANG_ENABLE_MODULES = YES;
				CLANG_ENABLE_OBJC_ARC = YES;
				CLANG_ENABLE_OBJC_WEAK = YES;
				CLANG_WARN_BLOCK_CAPTURE_AUTORELEASING = YES;
				CLANG_WARN_BOOL_CONVERSION = YES;
				CLANG_WARN_COMMA = YES;
				CLANG_WARN_CONSTANT_CONVERSION = YES;
				CLANG_WARN_DEPRECATED_OBJC_IMPLEMENTATIONS = YES;
				CLANG_WARN_DIRECT_OBJC_ISA_USAGE = YES_ERROR;
				CLANG_WARN_DOCUMENTATION_COMMENTS = YES;
				CLANG_WARN_EMPTY_BODY = YES;
				CLANG_WARN_ENUM_CONVERSION = YES;
				CLANG_WARN_INFINITE_RECURSION = YES;
				CLANG_WARN_INT_CONVERSION = YES;
				CLANG_WARN_NON_LITERAL_NULL_CONVERSION = YES;
				CLANG_WARN_OBJC_IMPLICIT_RETAIN_SELF = YES;
				CLANG_WARN_OBJC_LITERAL_CONVERSION = YES;
				CLANG_WARN_OBJC_ROOT_CLASS = YES_ERROR;
				CLANG_WARN_QUOTED_INCLUDE_IN_FRAMEWORK_HEADER = YES;
				CLANG_WARN_RANGE_LOOP_ANALYSIS = YES;
				CLANG_WARN_STRICT_PROTOTYPES = YES;
				CLANG_WARN_SUSPICIOUS_MOVE = YES;
				CLANG_WARN_UNGUARDED_AVAILABILITY = YES_AGGRESSIVE;
				CLANG_WARN_UNREACHABLE_CODE = YES;
				CLANG_WARN__DUPLICATE_METHOD_MATCH = YES;
				COPY_PHASE_STRIP = NO;
				DEBUG_INFORMATION_FORMAT = "dwarf-with-dsym";
				ENABLE_NS_ASSERTIONS = NO;
				ENABLE_STRICT_OBJC_MSGSEND = YES;
				GCC_C_LANGUAGE_STANDARD = gnu11;
				GCC_NO_COMMON_BLOCKS = YES;
				GCC_WARN_64_TO_32_BIT_CONVERSION = YES;
				GCC_WARN_ABOUT_RETURN_TYPE = YES_ERROR;
				GCC_WARN_UNDECLARED_SELECTOR = YES;
				GCC_WARN_UNINITIALIZED_AUTOS = YES_AGGRESSIVE;
				GCC_WARN_UNUSED_FUNCTION = YES;
				GCC_WARN_UNUSED_VARIABLE = YES;
				IPHONEOS_DEPLOYMENT_TARGET = 16.4;
				MTL_ENABLE_DEBUG_INFO = NO;
				MTL_FAST_MATH = YES;
				SDKROOT = iphoneos;
				SWIFT_COMPILATION_MODE = wholemodule;
				SWIFT_OPTIMIZATION_LEVEL = "-O";
				VALIDATE_PRODUCT = YES;
			};
			name = Release;
		};
		7BE5308F2A577E86005CF87F /* Debug */ = {
			isa = XCBuildConfiguration;
			buildSettings = {
				ASSETCATALOG_COMPILER_APPICON_NAME = AppIcon;
				ASSETCATALOG_COMPILER_GLOBAL_ACCENT_COLOR_NAME = AccentColor;
				CODE_SIGN_STYLE = Automatic;
				CURRENT_PROJECT_VERSION = 1;
				DEVELOPMENT_ASSET_PATHS = "\"Instafilter/Preview Content\"";
				DEVELOPMENT_TEAM = B9S7PB8R45;
				ENABLE_PREVIEWS = YES;
				GENERATE_INFOPLIST_FILE = YES;
				INFOPLIST_KEY_NSPhotoLibraryAddUsageDescription = "We want to save the filtered photo.";
				INFOPLIST_KEY_UIApplicationSceneManifest_Generation = YES;
				INFOPLIST_KEY_UIApplicationSupportsIndirectInputEvents = YES;
				INFOPLIST_KEY_UILaunchScreen_Generation = YES;
				INFOPLIST_KEY_UISupportedInterfaceOrientations_iPad = "UIInterfaceOrientationPortrait UIInterfaceOrientationPortraitUpsideDown UIInterfaceOrientationLandscapeLeft UIInterfaceOrientationLandscapeRight";
				INFOPLIST_KEY_UISupportedInterfaceOrientations_iPhone = "UIInterfaceOrientationPortrait UIInterfaceOrientationLandscapeLeft UIInterfaceOrientationLandscapeRight";
				LD_RUNPATH_SEARCH_PATHS = (
					"$(inherited)",
					"@executable_path/Frameworks",
				);
				MARKETING_VERSION = 1.0;
				PRODUCT_BUNDLE_IDENTIFIER = com.pagopatito.Instafilter;
				PRODUCT_NAME = "$(TARGET_NAME)";
				SWIFT_EMIT_LOC_STRINGS = YES;
				SWIFT_VERSION = 5.0;
				TARGETED_DEVICE_FAMILY = "1,2";
			};
			name = Debug;
		};
		7BE530902A577E86005CF87F /* Release */ = {
			isa = XCBuildConfiguration;
			buildSettings = {
				ASSETCATALOG_COMPILER_APPICON_NAME = AppIcon;
				ASSETCATALOG_COMPILER_GLOBAL_ACCENT_COLOR_NAME = AccentColor;
				CODE_SIGN_STYLE = Automatic;
				CURRENT_PROJECT_VERSION = 1;
				DEVELOPMENT_ASSET_PATHS = "\"Instafilter/Preview Content\"";
				DEVELOPMENT_TEAM = B9S7PB8R45;
				ENABLE_PREVIEWS = YES;
				GENERATE_INFOPLIST_FILE = YES;
				INFOPLIST_KEY_NSPhotoLibraryAddUsageDescription = "We want to save the filtered photo.";
				INFOPLIST_KEY_UIApplicationSceneManifest_Generation = YES;
				INFOPLIST_KEY_UIApplicationSupportsIndirectInputEvents = YES;
				INFOPLIST_KEY_UILaunchScreen_Generation = YES;
				INFOPLIST_KEY_UISupportedInterfaceOrientations_iPad = "UIInterfaceOrientationPortrait UIInterfaceOrientationPortraitUpsideDown UIInterfaceOrientationLandscapeLeft UIInterfaceOrientationLandscapeRight";
				INFOPLIST_KEY_UISupportedInterfaceOrientations_iPhone = "UIInterfaceOrientationPortrait UIInterfaceOrientationLandscapeLeft UIInterfaceOrientationLandscapeRight";
				LD_RUNPATH_SEARCH_PATHS = (
					"$(inherited)",
					"@executable_path/Frameworks",
				);
				MARKETING_VERSION = 1.0;
				PRODUCT_BUNDLE_IDENTIFIER = com.pagopatito.Instafilter;
				PRODUCT_NAME = "$(TARGET_NAME)";
				SWIFT_EMIT_LOC_STRINGS = YES;
				SWIFT_VERSION = 5.0;
				TARGETED_DEVICE_FAMILY = "1,2";
			};
			name = Release;
		};
/* End XCBuildConfiguration section */

/* Begin XCConfigurationList section */
		7BE5307B2A577E85005CF87F /* Build configuration list for PBXProject "Instafilter" */ = {
			isa = XCConfigurationList;
			buildConfigurations = (
				7BE5308C2A577E86005CF87F /* Debug */,
				7BE5308D2A577E86005CF87F /* Release */,
			);
			defaultConfigurationIsVisible = 0;
			defaultConfigurationName = Release;
		};
		7BE5308E2A577E86005CF87F /* Build configuration list for PBXNativeTarget "Instafilter" */ = {
			isa = XCConfigurationList;
			buildConfigurations = (
				7BE5308F2A577E86005CF87F /* Debug */,
				7BE530902A577E86005CF87F /* Release */,
			);
			defaultConfigurationIsVisible = 0;
			defaultConfigurationName = Release;
		};
/* End XCConfigurationList section */
	};
	rootObject = 7BE530782A577E85005CF87F /* Project object */;
}
